// !$*UTF8*$!
{
	archiveVersion = 1;
	classes = {
	};
	objectVersion = 46;
	objects = {

/* Begin PBXBuildFile section */
		FA75293B13BED6460051A48F /* Cocoa.framework in Frameworks */ = {isa = PBXBuildFile; fileRef = FA75293A13BED6460051A48F /* Cocoa.framework */; };
		FA75294513BED6460051A48F /* InfoPlist.strings in Resources */ = {isa = PBXBuildFile; fileRef = FA75294313BED6460051A48F /* InfoPlist.strings */; };
		FA75294713BED6460051A48F /* main.m in Sources */ = {isa = PBXBuildFile; fileRef = FA75294613BED6460051A48F /* main.m */; };
		FA75294B13BED6460051A48F /* Credits.rtf in Resources */ = {isa = PBXBuildFile; fileRef = FA75294913BED6460051A48F /* Credits.rtf */; };
		FA75294E13BED6460051A48F /* XMGradientPanelAppDelegate.m in Sources */ = {isa = PBXBuildFile; fileRef = FA75294D13BED6460051A48F /* XMGradientPanelAppDelegate.m */; };
		FA75295113BED6460051A48F /* MainMenu.xib in Resources */ = {isa = PBXBuildFile; fileRef = FA75294F13BED6460051A48F /* MainMenu.xib */; };
		FA75296013BEEB3B0051A48F /* XMGradientPicker.m in Sources */ = {isa = PBXBuildFile; fileRef = FA75295913BEEB3B0051A48F /* XMGradientPicker.m */; };
		FA75296113BEEB3B0051A48F /* XMGradientWell.m in Sources */ = {isa = PBXBuildFile; fileRef = FA75295B13BEEB3B0051A48F /* XMGradientWell.m */; };
		FA75296213BEEB3B0051A48F /* XMGradientPanel.m in Sources */ = {isa = PBXBuildFile; fileRef = FA75295D13BEEB3B0051A48F /* XMGradientPanel.m */; };
		FA7529F813BEEDEA0051A48F /* NSGradient+XMGradients.m in Sources */ = {isa = PBXBuildFile; fileRef = FA7529F713BEEDEA0051A48F /* NSGradient+XMGradients.m */; };
		FA7529FA13BF00080051A48F /* GradientPanel.xib in Resources */ = {isa = PBXBuildFile; fileRef = FA7529F913BF00080051A48F /* GradientPanel.xib */; };
		FA7529FD13BF00A10051A48F /* XMGradientView.m in Sources */ = {isa = PBXBuildFile; fileRef = FA7529FC13BF00A10051A48F /* XMGradientView.m */; };
		FA752A0013BF056D0051A48F /* XMApplicationSupport.m in Sources */ = {isa = PBXBuildFile; fileRef = FA7529FF13BF056D0051A48F /* XMApplicationSupport.m */; };
		FA752A0F13BF0E070051A48F /* ReadMe.md in Resources */ = {isa = PBXBuildFile; fileRef = FA752A0E13BF0E070051A48F /* ReadMe.md */; };
		FA752A1213BF208E0051A48F /* XMViewControl.m in Sources */ = {isa = PBXBuildFile; fileRef = FA752A1113BF208D0051A48F /* XMViewControl.m */; };
		FA752A3513BF299E0051A48F /* XMColorWell.m in Sources */ = {isa = PBXBuildFile; fileRef = FA752A3413BF299D0051A48F /* XMColorWell.m */; };
		FA752A4913C05E010051A48F /* XMGradientPickerLinear.m in Sources */ = {isa = PBXBuildFile; fileRef = FA752A4813C05DFF0051A48F /* XMGradientPickerLinear.m */; };
/* End PBXBuildFile section */

/* Begin PBXFileReference section */
		FA75293613BED6460051A48F /* XMGradientPanel.app */ = {isa = PBXFileReference; explicitFileType = wrapper.application; includeInIndex = 0; path = XMGradientPanel.app; sourceTree = BUILT_PRODUCTS_DIR; };
		FA75293A13BED6460051A48F /* Cocoa.framework */ = {isa = PBXFileReference; lastKnownFileType = wrapper.framework; name = Cocoa.framework; path = System/Library/Frameworks/Cocoa.framework; sourceTree = SDKROOT; };
		FA75293D13BED6460051A48F /* AppKit.framework */ = {isa = PBXFileReference; lastKnownFileType = wrapper.framework; name = AppKit.framework; path = System/Library/Frameworks/AppKit.framework; sourceTree = SDKROOT; };
		FA75293E13BED6460051A48F /* CoreData.framework */ = {isa = PBXFileReference; lastKnownFileType = wrapper.framework; name = CoreData.framework; path = System/Library/Frameworks/CoreData.framework; sourceTree = SDKROOT; };
		FA75293F13BED6460051A48F /* Foundation.framework */ = {isa = PBXFileReference; lastKnownFileType = wrapper.framework; name = Foundation.framework; path = System/Library/Frameworks/Foundation.framework; sourceTree = SDKROOT; };
		FA75294213BED6460051A48F /* XMGradientPanel-Info.plist */ = {isa = PBXFileReference; lastKnownFileType = text.plist.xml; path = "XMGradientPanel-Info.plist"; sourceTree = "<group>"; };
		FA75294413BED6460051A48F /* en */ = {isa = PBXFileReference; lastKnownFileType = text.plist.strings; name = en; path = en.lproj/InfoPlist.strings; sourceTree = "<group>"; };
		FA75294613BED6460051A48F /* main.m */ = {isa = PBXFileReference; lastKnownFileType = sourcecode.c.objc; path = main.m; sourceTree = "<group>"; };
		FA75294813BED6460051A48F /* XMGradientPanel-Prefix.pch */ = {isa = PBXFileReference; lastKnownFileType = sourcecode.c.h; path = "XMGradientPanel-Prefix.pch"; sourceTree = "<group>"; };
		FA75294A13BED6460051A48F /* en */ = {isa = PBXFileReference; lastKnownFileType = text.rtf; name = en; path = en.lproj/Credits.rtf; sourceTree = "<group>"; };
		FA75294C13BED6460051A48F /* XMGradientPanelAppDelegate.h */ = {isa = PBXFileReference; lastKnownFileType = sourcecode.c.h; path = XMGradientPanelAppDelegate.h; sourceTree = "<group>"; };
		FA75294D13BED6460051A48F /* XMGradientPanelAppDelegate.m */ = {isa = PBXFileReference; lastKnownFileType = sourcecode.c.objc; path = XMGradientPanelAppDelegate.m; sourceTree = "<group>"; };
		FA75295013BED6460051A48F /* en */ = {isa = PBXFileReference; lastKnownFileType = file.xib; name = en; path = en.lproj/MainMenu.xib; sourceTree = "<group>"; };
		FA75295813BEEB3B0051A48F /* XMGradientPicker.h */ = {isa = PBXFileReference; fileEncoding = 4; lastKnownFileType = sourcecode.c.h; path = XMGradientPicker.h; sourceTree = "<group>"; };
		FA75295913BEEB3B0051A48F /* XMGradientPicker.m */ = {isa = PBXFileReference; fileEncoding = 4; lastKnownFileType = sourcecode.c.objc; path = XMGradientPicker.m; sourceTree = "<group>"; };
		FA75295A13BEEB3B0051A48F /* XMGradientWell.h */ = {isa = PBXFileReference; fileEncoding = 4; lastKnownFileType = sourcecode.c.h; path = XMGradientWell.h; sourceTree = "<group>"; };
		FA75295B13BEEB3B0051A48F /* XMGradientWell.m */ = {isa = PBXFileReference; fileEncoding = 4; lastKnownFileType = sourcecode.c.objc; path = XMGradientWell.m; sourceTree = "<group>"; };
		FA75295C13BEEB3B0051A48F /* XMGradientPanel.h */ = {isa = PBXFileReference; fileEncoding = 4; lastKnownFileType = sourcecode.c.h; path = XMGradientPanel.h; sourceTree = "<group>"; };
		FA75295D13BEEB3B0051A48F /* XMGradientPanel.m */ = {isa = PBXFileReference; fileEncoding = 4; lastKnownFileType = sourcecode.c.objc; path = XMGradientPanel.m; sourceTree = "<group>"; };
		FA7529F613BEEDEA0051A48F /* NSGradient+XMGradients.h */ = {isa = PBXFileReference; fileEncoding = 4; lastKnownFileType = sourcecode.c.h; path = "NSGradient+XMGradients.h"; sourceTree = "<group>"; };
		FA7529F713BEEDEA0051A48F /* NSGradient+XMGradients.m */ = {isa = PBXFileReference; fileEncoding = 4; lastKnownFileType = sourcecode.c.objc; path = "NSGradient+XMGradients.m"; sourceTree = "<group>"; };
		FA7529F913BF00080051A48F /* GradientPanel.xib */ = {isa = PBXFileReference; fileEncoding = 4; lastKnownFileType = file.xib; path = GradientPanel.xib; sourceTree = "<group>"; };
		FA7529FB13BF00A10051A48F /* XMGradientView.h */ = {isa = PBXFileReference; fileEncoding = 4; lastKnownFileType = sourcecode.c.h; path = XMGradientView.h; sourceTree = "<group>"; };
		FA7529FC13BF00A10051A48F /* XMGradientView.m */ = {isa = PBXFileReference; fileEncoding = 4; lastKnownFileType = sourcecode.c.objc; path = XMGradientView.m; sourceTree = "<group>"; };
		FA7529FE13BF056D0051A48F /* XMApplicationSupport.h */ = {isa = PBXFileReference; fileEncoding = 4; lastKnownFileType = sourcecode.c.h; path = XMApplicationSupport.h; sourceTree = "<group>"; };
		FA7529FF13BF056D0051A48F /* XMApplicationSupport.m */ = {isa = PBXFileReference; fileEncoding = 4; lastKnownFileType = sourcecode.c.objc; path = XMApplicationSupport.m; sourceTree = "<group>"; };
		FA752A0E13BF0E070051A48F /* ReadMe.md */ = {isa = PBXFileReference; fileEncoding = 4; lastKnownFileType = text; name = ReadMe.md; path = ../ReadMe.md; sourceTree = "<group>"; };
		FA752A1013BF208C0051A48F /* XMViewControl.h */ = {isa = PBXFileReference; fileEncoding = 4; lastKnownFileType = sourcecode.c.h; path = XMViewControl.h; sourceTree = "<group>"; };
		FA752A1113BF208D0051A48F /* XMViewControl.m */ = {isa = PBXFileReference; fileEncoding = 4; lastKnownFileType = sourcecode.c.objc; path = XMViewControl.m; sourceTree = "<group>"; };
		FA752A3313BF299C0051A48F /* XMColorWell.h */ = {isa = PBXFileReference; fileEncoding = 4; lastKnownFileType = sourcecode.c.h; path = XMColorWell.h; sourceTree = "<group>"; };
		FA752A3413BF299D0051A48F /* XMColorWell.m */ = {isa = PBXFileReference; fileEncoding = 4; lastKnownFileType = sourcecode.c.objc; path = XMColorWell.m; sourceTree = "<group>"; };
		FA752A4713C05DFC0051A48F /* XMGradientPickerLinear.h */ = {isa = PBXFileReference; fileEncoding = 4; lastKnownFileType = sourcecode.c.h; path = XMGradientPickerLinear.h; sourceTree = "<group>"; };
		FA752A4813C05DFF0051A48F /* XMGradientPickerLinear.m */ = {isa = PBXFileReference; fileEncoding = 4; lastKnownFileType = sourcecode.c.objc; path = XMGradientPickerLinear.m; sourceTree = "<group>"; };
/* End PBXFileReference section */

/* Begin PBXFrameworksBuildPhase section */
		FA75293313BED6460051A48F /* Frameworks */ = {
			isa = PBXFrameworksBuildPhase;
			buildActionMask = 2147483647;
			files = (
				FA75293B13BED6460051A48F /* Cocoa.framework in Frameworks */,
			);
			runOnlyForDeploymentPostprocessing = 0;
		};
/* End PBXFrameworksBuildPhase section */

/* Begin PBXGroup section */
		FA75292B13BED6460051A48F = {
			isa = PBXGroup;
			children = (
				FA75294013BED6460051A48F /* XMGradientPanel */,
				FA75294113BED6460051A48F /* Supporting Files */,
				FA75293913BED6460051A48F /* Frameworks */,
				FA75293713BED6460051A48F /* Products */,
			);
			sourceTree = "<group>";
		};
		FA75293713BED6460051A48F /* Products */ = {
			isa = PBXGroup;
			children = (
				FA75293613BED6460051A48F /* XMGradientPanel.app */,
			);
			name = Products;
			sourceTree = "<group>";
		};
		FA75293913BED6460051A48F /* Frameworks */ = {
			isa = PBXGroup;
			children = (
				FA75293A13BED6460051A48F /* Cocoa.framework */,
				FA75293C13BED6460051A48F /* Other Frameworks */,
			);
			name = Frameworks;
			sourceTree = "<group>";
		};
		FA75293C13BED6460051A48F /* Other Frameworks */ = {
			isa = PBXGroup;
			children = (
				FA75293D13BED6460051A48F /* AppKit.framework */,
				FA75293E13BED6460051A48F /* CoreData.framework */,
				FA75293F13BED6460051A48F /* Foundation.framework */,
			);
			name = "Other Frameworks";
			sourceTree = "<group>";
		};
		FA75294013BED6460051A48F /* XMGradientPanel */ = {
			isa = PBXGroup;
			children = (
				FA752A0E13BF0E070051A48F /* ReadMe.md */,
				FA75295713BED6590051A48F /* Demo App */,
				FA7529F413BEED080051A48F /* XMUIKit */,
				FA7529F513BEEDCB0051A48F /* Extensions */,
			);
			path = XMGradientPanel;
			sourceTree = "<group>";
		};
		FA75294113BED6460051A48F /* Supporting Files */ = {
			isa = PBXGroup;
			children = (
				FA75294213BED6460051A48F /* XMGradientPanel-Info.plist */,
				FA75294313BED6460051A48F /* InfoPlist.strings */,
				FA75294613BED6460051A48F /* main.m */,
				FA75294813BED6460051A48F /* XMGradientPanel-Prefix.pch */,
				FA75294913BED6460051A48F /* Credits.rtf */,
			);
			name = "Supporting Files";
			path = XMGradientPanel;
			sourceTree = "<group>";
		};
		FA75295713BED6590051A48F /* Demo App */ = {
			isa = PBXGroup;
			children = (
				FA75294C13BED6460051A48F /* XMGradientPanelAppDelegate.h */,
				FA75294D13BED6460051A48F /* XMGradientPanelAppDelegate.m */,
				FA7529FB13BF00A10051A48F /* XMGradientView.h */,
				FA7529FC13BF00A10051A48F /* XMGradientView.m */,
				FA7529FE13BF056D0051A48F /* XMApplicationSupport.h */,
				FA7529FF13BF056D0051A48F /* XMApplicationSupport.m */,
				FA75294F13BED6460051A48F /* MainMenu.xib */,
			);
			name = "Demo App";
			sourceTree = "<group>";
		};
		FA7529F413BEED080051A48F /* XMUIKit */ = {
			isa = PBXGroup;
			children = (
				FA7529F913BF00080051A48F /* GradientPanel.xib */,
				FA75295C13BEEB3B0051A48F /* XMGradientPanel.h */,
				FA75295D13BEEB3B0051A48F /* XMGradientPanel.m */,
				FA75295813BEEB3B0051A48F /* XMGradientPicker.h */,
				FA75295913BEEB3B0051A48F /* XMGradientPicker.m */,
				FA752A4B13C05E0C0051A48F /* Pickers */,
				FA75295A13BEEB3B0051A48F /* XMGradientWell.h */,
				FA75295B13BEEB3B0051A48F /* XMGradientWell.m */,
				FA752A1013BF208C0051A48F /* XMViewControl.h */,
				FA752A1113BF208D0051A48F /* XMViewControl.m */,
				FA752A3313BF299C0051A48F /* XMColorWell.h */,
				FA752A3413BF299D0051A48F /* XMColorWell.m */,
			);
			name = XMUIKit;
			sourceTree = "<group>";
		};
		FA7529F513BEEDCB0051A48F /* Extensions */ = {
			isa = PBXGroup;
			children = (
				FA7529F613BEEDEA0051A48F /* NSGradient+XMGradients.h */,
				FA7529F713BEEDEA0051A48F /* NSGradient+XMGradients.m */,
			);
			name = Extensions;
			sourceTree = "<group>";
		};
		FA752A4B13C05E0C0051A48F /* Pickers */ = {
			isa = PBXGroup;
			children = (
				FA752A4713C05DFC0051A48F /* XMGradientPickerLinear.h */,
				FA752A4813C05DFF0051A48F /* XMGradientPickerLinear.m */,
			);
			name = Pickers;
			sourceTree = "<group>";
		};
/* End PBXGroup section */

/* Begin PBXNativeTarget section */
		FA75293513BED6460051A48F /* XMGradientPanel */ = {
			isa = PBXNativeTarget;
			buildConfigurationList = FA75295413BED6460051A48F /* Build configuration list for PBXNativeTarget "XMGradientPanel" */;
			buildPhases = (
				FA75293213BED6460051A48F /* Sources */,
				FA75293313BED6460051A48F /* Frameworks */,
				FA75293413BED6460051A48F /* Resources */,
			);
			buildRules = (
			);
			dependencies = (
			);
			name = XMGradientPanel;
			productName = XMGradientPanel;
			productReference = FA75293613BED6460051A48F /* XMGradientPanel.app */;
			productType = "com.apple.product-type.application";
		};
/* End PBXNativeTarget section */

/* Begin PBXProject section */
		FA75292D13BED6460051A48F /* Project object */ = {
			isa = PBXProject;
			attributes = {
				ORGANIZATIONNAME = PowerMax;
			};
			buildConfigurationList = FA75293013BED6460051A48F /* Build configuration list for PBXProject "XMGradientPanel" */;
			compatibilityVersion = "Xcode 3.2";
			developmentRegion = English;
			hasScannedForEncodings = 0;
			knownRegions = (
				en,
			);
			mainGroup = FA75292B13BED6460051A48F;
			productRefGroup = FA75293713BED6460051A48F /* Products */;
			projectDirPath = "";
			projectRoot = "";
			targets = (
				FA75293513BED6460051A48F /* XMGradientPanel */,
			);
		};
/* End PBXProject section */

/* Begin PBXResourcesBuildPhase section */
		FA75293413BED6460051A48F /* Resources */ = {
			isa = PBXResourcesBuildPhase;
			buildActionMask = 2147483647;
			files = (
				FA75294513BED6460051A48F /* InfoPlist.strings in Resources */,
				FA75294B13BED6460051A48F /* Credits.rtf in Resources */,
				FA75295113BED6460051A48F /* MainMenu.xib in Resources */,
				FA7529FA13BF00080051A48F /* GradientPanel.xib in Resources */,
				FA752A0F13BF0E070051A48F /* ReadMe.md in Resources */,
			);
			runOnlyForDeploymentPostprocessing = 0;
		};
/* End PBXResourcesBuildPhase section */

/* Begin PBXSourcesBuildPhase section */
		FA75293213BED6460051A48F /* Sources */ = {
			isa = PBXSourcesBuildPhase;
			buildActionMask = 2147483647;
			files = (
				FA75294713BED6460051A48F /* main.m in Sources */,
				FA75294E13BED6460051A48F /* XMGradientPanelAppDelegate.m in Sources */,
				FA75296013BEEB3B0051A48F /* XMGradientPicker.m in Sources */,
				FA75296113BEEB3B0051A48F /* XMGradientWell.m in Sources */,
				FA75296213BEEB3B0051A48F /* XMGradientPanel.m in Sources */,
				FA7529F813BEEDEA0051A48F /* NSGradient+XMGradients.m in Sources */,
				FA7529FD13BF00A10051A48F /* XMGradientView.m in Sources */,
				FA752A0013BF056D0051A48F /* XMApplicationSupport.m in Sources */,
				FA752A1213BF208E0051A48F /* XMViewControl.m in Sources */,
				FA752A3513BF299E0051A48F /* XMColorWell.m in Sources */,
				FA752A4913C05E010051A48F /* XMGradientPickerLinear.m in Sources */,
			);
			runOnlyForDeploymentPostprocessing = 0;
		};
/* End PBXSourcesBuildPhase section */

/* Begin PBXVariantGroup section */
		FA75294313BED6460051A48F /* InfoPlist.strings */ = {
			isa = PBXVariantGroup;
			children = (
				FA75294413BED6460051A48F /* en */,
			);
			name = InfoPlist.strings;
			sourceTree = "<group>";
		};
		FA75294913BED6460051A48F /* Credits.rtf */ = {
			isa = PBXVariantGroup;
			children = (
				FA75294A13BED6460051A48F /* en */,
			);
			name = Credits.rtf;
			sourceTree = "<group>";
		};
		FA75294F13BED6460051A48F /* MainMenu.xib */ = {
			isa = PBXVariantGroup;
			children = (
				FA75295013BED6460051A48F /* en */,
			);
			name = MainMenu.xib;
			sourceTree = "<group>";
		};
/* End PBXVariantGroup section */

/* Begin XCBuildConfiguration section */
		FA75295213BED6460051A48F /* Debug */ = {
			isa = XCBuildConfiguration;
			buildSettings = {
				ALWAYS_SEARCH_USER_PATHS = NO;
				ARCHS = "$(ARCHS_STANDARD_32_64_BIT)";
				COPY_PHASE_STRIP = NO;
				GCC_C_LANGUAGE_STANDARD = gnu99;
				GCC_DYNAMIC_NO_PIC = NO;
				GCC_ENABLE_OBJC_EXCEPTIONS = YES;
				GCC_OPTIMIZATION_LEVEL = 0;
				GCC_PREPROCESSOR_DEFINITIONS = (
					"DEBUG=1",
					"$(inherited)",
				);
				GCC_SYMBOLS_PRIVATE_EXTERN = NO;
				GCC_VERSION = com.apple.compilers.llvm.clang.1_0;
				GCC_WARN_64_TO_32_BIT_CONVERSION = YES;
				GCC_WARN_ABOUT_MISSING_PROTOTYPES = YES;
				GCC_WARN_ABOUT_RETURN_TYPE = YES;
				GCC_WARN_UNUSED_VARIABLE = YES;
				MACOSX_DEPLOYMENT_TARGET = 10.6;
				ONLY_ACTIVE_ARCH = YES;
				SDKROOT = macosx;
			};
			name = Debug;
		};
		FA75295313BED6460051A48F /* Release */ = {
			isa = XCBuildConfiguration;
			buildSettings = {
				ALWAYS_SEARCH_USER_PATHS = NO;
				ARCHS = "$(ARCHS_STANDARD_32_64_BIT)";
				COPY_PHASE_STRIP = YES;
				DEBUG_INFORMATION_FORMAT = "dwarf-with-dsym";
				GCC_C_LANGUAGE_STANDARD = gnu99;
				GCC_ENABLE_OBJC_EXCEPTIONS = YES;
				GCC_VERSION = com.apple.compilers.llvm.clang.1_0;
				GCC_WARN_64_TO_32_BIT_CONVERSION = YES;
				GCC_WARN_ABOUT_MISSING_PROTOTYPES = YES;
				GCC_WARN_ABOUT_RETURN_TYPE = YES;
				GCC_WARN_UNUSED_VARIABLE = YES;
				MACOSX_DEPLOYMENT_TARGET = 10.6;
				SDKROOT = macosx;
			};
			name = Release;
		};
		FA75295513BED6460051A48F /* Debug */ = {
			isa = XCBuildConfiguration;
			buildSettings = {
				GCC_PRECOMPILE_PREFIX_HEADER = YES;
				GCC_PREFIX_HEADER = "XMGradientPanel/XMGradientPanel-Prefix.pch";
				GCC_VERSION = com.apple.compilers.llvm.clang.1_0;
				INFOPLIST_FILE = "XMGradientPanel/XMGradientPanel-Info.plist";
				PRODUCT_NAME = "$(TARGET_NAME)";
				WRAPPER_EXTENSION = app;
			};
			name = Debug;
		};
		FA75295613BED6460051A48F /* Release */ = {
			isa = XCBuildConfiguration;
			buildSettings = {
				GCC_PRECOMPILE_PREFIX_HEADER = YES;
				GCC_PREFIX_HEADER = "XMGradientPanel/XMGradientPanel-Prefix.pch";
				GCC_VERSION = com.apple.compilers.llvm.clang.1_0;
				INFOPLIST_FILE = "XMGradientPanel/XMGradientPanel-Info.plist";
				PRODUCT_NAME = "$(TARGET_NAME)";
				WRAPPER_EXTENSION = app;
			};
			name = Release;
		};
/* End XCBuildConfiguration section */

/* Begin XCConfigurationList section */
		FA75293013BED6460051A48F /* Build configuration list for PBXProject "XMGradientPanel" */ = {
			isa = XCConfigurationList;
			buildConfigurations = (
				FA75295213BED6460051A48F /* Debug */,
				FA75295313BED6460051A48F /* Release */,
			);
			defaultConfigurationIsVisible = 0;
			defaultConfigurationName = Release;
		};
		FA75295413BED6460051A48F /* Build configuration list for PBXNativeTarget "XMGradientPanel" */ = {
			isa = XCConfigurationList;
			buildConfigurations = (
				FA75295513BED6460051A48F /* Debug */,
				FA75295613BED6460051A48F /* Release */,
			);
			defaultConfigurationIsVisible = 0;
			defaultConfigurationName = Release;
		};
/* End XCConfigurationList section */
	};
	rootObject = FA75292D13BED6460051A48F /* Project object */;
}
